
Microsoft Visual Studio Solution File, Format Version 12.00
# Visual Studio Version 16
VisualStudioVersion = 16.0.30523.141
MinimumVisualStudioVersion = 10.0.40219.1
Project("{FAE04EC0-301F-11D3-BF4B-00C04F79EFBC}") = "InfiniteScroll", "InfiniteScroll\InfiniteScroll.csproj", "{F0A9605C-8992-4324-97B3-71D8EEB30489}"
EndProject
Global
	GlobalSection(SolutionConfigurationPlatforms) = preSolution
		Debug|Any CPU = Debug|Any CPU
		Release|Any CPU = Release|Any CPU
	EndGlobalSection
	GlobalSection(ProjectConfigurationPlatforms) = postSolution
		{F0A9605C-8992-4324-97B3-71D8EEB30489}.Debug|Any CPU.ActiveCfg = Debug|Any CPU
		{F0A9605C-8992-4324-97B3-71D8EEB30489}.Debug|Any CPU.Build.0 = Debug|Any CPU
		{F0A9605C-8992-4324-97B3-71D8EEB30489}.Release|Any CPU.ActiveCfg = Release|Any CPU
		{F0A9605C-8992-4324-97B3-71D8EEB30489}.Release|Any CPU.Build.0 = Release|Any CPU
	EndGlobalSection
	GlobalSection(SolutionProperties) = preSolution
		HideSolutionNode = FALSE
	EndGlobalSection
	GlobalSection(ExtensibilityGlobals) = postSolution
		SolutionGuid = {D26B41E9-0F15-4837-A0AE-2029BC36D4AE}
	EndGlobalSection
EndGlobal
